
Microsoft Visual Studio Solution File, Format Version 12.00
# Visual Studio Version 17
VisualStudioVersion = 17.4.33403.182
MinimumVisualStudioVersion = 10.0.40219.1
Project("{FAE04EC0-301F-11D3-BF4B-00C04F79EFBC}") = "SimpleDI", "SimpleDI\SimpleDI.csproj", "{13D74F2F-9580-4C23-AB53-F2C22950F782}"
EndProject
Project("{FAE04EC0-301F-11D3-BF4B-00C04F79EFBC}") = "SimpleDI.App", "SimpleDI.App\SimpleDI.App.csproj", "{7A59F42A-229A-497C-9091-5BDA61C8EAB3}"
EndProject
Global
	GlobalSection(SolutionConfigurationPlatforms) = preSolution
		Debug|Any CPU = Debug|Any CPU
		Release|Any CPU = Release|Any CPU
	EndGlobalSection
	GlobalSection(ProjectConfigurationPlatforms) = postSolution
		{13D74F2F-9580-4C23-AB53-F2C22950F782}.Debug|Any CPU.ActiveCfg = Debug|Any CPU
		{13D74F2F-9580-4C23-AB53-F2C22950F782}.Debug|Any CPU.Build.0 = Debug|Any CPU
		{13D74F2F-9580-4C23-AB53-F2C22950F782}.Release|Any CPU.ActiveCfg = Release|Any CPU
		{13D74F2F-9580-4C23-AB53-F2C22950F782}.Release|Any CPU.Build.0 = Release|Any CPU
		{7A59F42A-229A-497C-9091-5BDA61C8EAB3}.Debug|Any CPU.ActiveCfg = Debug|Any CPU
		{7A59F42A-229A-497C-9091-5BDA61C8EAB3}.Debug|Any CPU.Build.0 = Debug|Any CPU
		{7A59F42A-229A-497C-9091-5BDA61C8EAB3}.Release|Any CPU.ActiveCfg = Release|Any CPU
		{7A59F42A-229A-497C-9091-5BDA61C8EAB3}.Release|Any CPU.Build.0 = Release|Any CPU
	EndGlobalSection
	GlobalSection(SolutionProperties) = preSolution
		HideSolutionNode = FALSE
	EndGlobalSection
	GlobalSection(ExtensibilityGlobals) = postSolution
		SolutionGuid = {CF7DCE77-7CC9-4419-98CE-4057CEBCF143}
	EndGlobalSection
EndGlobal
